
Microsoft Visual Studio Solution File, Format Version 12.00
# Visual Studio Version 17
VisualStudioVersion = 17.13.35806.99
MinimumVisualStudioVersion = 10.0.40219.1
Project("{FAE04EC0-301F-11D3-BF4B-00C04F79EFBC}") = "MoshHamedani_Csharp_imtermediate", "MoshHamedani_Csharp_imtermediate.csproj", "{50FFB14F-9C4C-4E72-853C-D0DB8EA7F80E}"
EndProject
Global
	GlobalSection(SolutionConfigurationPlatforms) = preSolution
		Debug|Any CPU = Debug|Any CPU
		Release|Any CPU = Release|Any CPU
	EndGlobalSection
	GlobalSection(ProjectConfigurationPlatforms) = postSolution
		{50FFB14F-9C4C-4E72-853C-D0DB8EA7F80E}.Debug|Any CPU.ActiveCfg = Debug|Any CPU
		{50FFB14F-9C4C-4E72-853C-D0DB8EA7F80E}.Debug|Any CPU.Build.0 = Debug|Any CPU
		{50FFB14F-9C4C-4E72-853C-D0DB8EA7F80E}.Release|Any CPU.ActiveCfg = Release|Any CPU
		{50FFB14F-9C4C-4E72-853C-D0DB8EA7F80E}.Release|Any CPU.Build.0 = Release|Any CPU
	EndGlobalSection
	GlobalSection(SolutionProperties) = preSolution
		HideSolutionNode = FALSE
	EndGlobalSection
	GlobalSection(ExtensibilityGlobals) = postSolution
		SolutionGuid = {B91AF058-B013-4FBF-A2F0-7D32485CE405}
	EndGlobalSection
EndGlobal
